
Microsoft Visual Studio Solution File, Format Version 12.00
# Visual Studio 14
VisualStudioVersion = 14.0.25420.1
MinimumVisualStudioVersion = 10.0.40219.1
Project("{FAE04EC0-301F-11D3-BF4B-00C04F79EFBC}") = "ChartServices", "ChartServices\ChartServices.csproj", "{180FF6BC-D098-4665-8E1A-CA73C4CD2288}"
EndProject
Project("{FAE04EC0-301F-11D3-BF4B-00C04F79EFBC}") = "StatisticsServices", "StatisticsServices\StatisticsServices.csproj", "{CAB7E00D-B9C1-42CE-8ECD-BAA04B92D555}"
EndProject
Project("{FAE04EC0-301F-11D3-BF4B-00C04F79EFBC}") = "StatisticsDataAccess", "StatisticsDataAccess\StatisticsDataAccess.csproj", "{2F9B2527-252E-47B4-B39A-DFC2E45E4BF4}"
EndProject
Project("{2150E333-8FDC-42A3-9474-1A3956D46DE8}") = "Core", "Core", "{39540581-96F4-4D0C-8AF0-8A32D83AE6DE}"
EndProject
Project("{2150E333-8FDC-42A3-9474-1A3956D46DE8}") = "DataAccess", "DataAccess", "{8D2E727D-21C1-4880-B7BC-07263DD18FA0}"
EndProject
Project("{2150E333-8FDC-42A3-9474-1A3956D46DE8}") = "UserInterface", "UserInterface", "{B6E7E5F9-FC79-4D30-99B1-3327DED5F8D7}"
EndProject
Project("{FAE04EC0-301F-11D3-BF4B-00C04F79EFBC}") = "StatisticsRestApi", "StatisticsRestApi\StatisticsRestApi.csproj", "{F57C5BA1-197E-4D18-85D5-3C51074E4FF5}"
EndProject
Project("{FAE04EC0-301F-11D3-BF4B-00C04F79EFBC}") = "StatisticsDesktopApp", "StatisticsDesktopApp\StatisticsDesktopApp.csproj", "{ECE273DC-AF79-4D62-8E82-9AFCAA383871}"
EndProject
Project("{FAE04EC0-301F-11D3-BF4B-00C04F79EFBC}") = "StatisticsWebApp", "StatisticsWebApp\StatisticsWebApp.csproj", "{86DF5018-6B5A-42A5-9729-1C143253F521}"
EndProject
Project("{FAE04EC0-301F-11D3-BF4B-00C04F79EFBC}") = "StatisticsUnityApp", "StatisticsUnityApp\StatisticsUnityApp.csproj", "{8B0588E3-98EE-534D-9EA3-E9EF7CE4339A}"
EndProject
Project("{FAE04EC0-301F-11D3-BF4B-00C04F79EFBC}") = "ChartWebLibrary", "ChartWebLibrary\ChartWebLibrary.csproj", "{A6E553CC-EB66-4F8D-BF8E-8578E42582F4}"
EndProject
Project("{2150E333-8FDC-42A3-9474-1A3956D46DE8}") = "Components", "Components", "{83C2F2D8-2B7F-48F6-A244-BCD70B2EA5AB}"
EndProject
Project("{FAE04EC0-301F-11D3-BF4B-00C04F79EFBC}") = "ChartLibrary", "ChartLibrary\ChartLibrary.csproj", "{B65D362B-FB23-48D0-99E8-A347A930A0D2}"
EndProject
Project("{2150E333-8FDC-42A3-9474-1A3956D46DE8}") = "Web", "Web", "{D8273FEB-D3C2-4BF6-A145-B4FBBCB319AA}"
EndProject
Project("{2150E333-8FDC-42A3-9474-1A3956D46DE8}") = "Database", "Database", "{5F5A2BC1-21A0-4C80-AE50-8D8D7927436A}"
EndProject
Project("{2150E333-8FDC-42A3-9474-1A3956D46DE8}") = "Apps", "Apps", "{BDD35EAA-4F4D-4F99-A3A8-B5F701D1059E}"
EndProject
Project("{2150E333-8FDC-42A3-9474-1A3956D46DE8}") = "BusinessLogic", "BusinessLogic", "{A59D85E0-BF37-4FF1-9670-29AF8675A46A}"
EndProject
Project("{2150E333-8FDC-42A3-9474-1A3956D46DE8}") = "UserInterfaceServices", "UserInterfaceServices", "{D01FA325-AF98-4CC9-A4AD-AD7C37507D2E}"
EndProject
Global
	GlobalSection(SolutionConfigurationPlatforms) = preSolution
		Debug|Any CPU = Debug|Any CPU
		Release|Any CPU = Release|Any CPU
	EndGlobalSection
	GlobalSection(ProjectConfigurationPlatforms) = postSolution
		{180FF6BC-D098-4665-8E1A-CA73C4CD2288}.Debug|Any CPU.ActiveCfg = Debug|Any CPU
		{180FF6BC-D098-4665-8E1A-CA73C4CD2288}.Debug|Any CPU.Build.0 = Debug|Any CPU
		{180FF6BC-D098-4665-8E1A-CA73C4CD2288}.Release|Any CPU.ActiveCfg = Release|Any CPU
		{180FF6BC-D098-4665-8E1A-CA73C4CD2288}.Release|Any CPU.Build.0 = Release|Any CPU
		{CAB7E00D-B9C1-42CE-8ECD-BAA04B92D555}.Debug|Any CPU.ActiveCfg = Debug|Any CPU
		{CAB7E00D-B9C1-42CE-8ECD-BAA04B92D555}.Debug|Any CPU.Build.0 = Debug|Any CPU
		{CAB7E00D-B9C1-42CE-8ECD-BAA04B92D555}.Release|Any CPU.ActiveCfg = Release|Any CPU
		{CAB7E00D-B9C1-42CE-8ECD-BAA04B92D555}.Release|Any CPU.Build.0 = Release|Any CPU
		{2F9B2527-252E-47B4-B39A-DFC2E45E4BF4}.Debug|Any CPU.ActiveCfg = Debug|Any CPU
		{2F9B2527-252E-47B4-B39A-DFC2E45E4BF4}.Debug|Any CPU.Build.0 = Debug|Any CPU
		{2F9B2527-252E-47B4-B39A-DFC2E45E4BF4}.Release|Any CPU.ActiveCfg = Release|Any CPU
		{2F9B2527-252E-47B4-B39A-DFC2E45E4BF4}.Release|Any CPU.Build.0 = Release|Any CPU
		{F57C5BA1-197E-4D18-85D5-3C51074E4FF5}.Debug|Any CPU.ActiveCfg = Debug|Any CPU
		{F57C5BA1-197E-4D18-85D5-3C51074E4FF5}.Debug|Any CPU.Build.0 = Debug|Any CPU
		{F57C5BA1-197E-4D18-85D5-3C51074E4FF5}.Release|Any CPU.ActiveCfg = Release|Any CPU
		{F57C5BA1-197E-4D18-85D5-3C51074E4FF5}.Release|Any CPU.Build.0 = Release|Any CPU
		{ECE273DC-AF79-4D62-8E82-9AFCAA383871}.Debug|Any CPU.ActiveCfg = Debug|Any CPU
		{ECE273DC-AF79-4D62-8E82-9AFCAA383871}.Debug|Any CPU.Build.0 = Debug|Any CPU
		{ECE273DC-AF79-4D62-8E82-9AFCAA383871}.Release|Any CPU.ActiveCfg = Release|Any CPU
		{ECE273DC-AF79-4D62-8E82-9AFCAA383871}.Release|Any CPU.Build.0 = Release|Any CPU
		{86DF5018-6B5A-42A5-9729-1C143253F521}.Debug|Any CPU.ActiveCfg = Debug|Any CPU
		{86DF5018-6B5A-42A5-9729-1C143253F521}.Debug|Any CPU.Build.0 = Debug|Any CPU
		{86DF5018-6B5A-42A5-9729-1C143253F521}.Release|Any CPU.ActiveCfg = Release|Any CPU
		{86DF5018-6B5A-42A5-9729-1C143253F521}.Release|Any CPU.Build.0 = Release|Any CPU
		{8B0588E3-98EE-534D-9EA3-E9EF7CE4339A}.Debug|Any CPU.ActiveCfg = Debug|Any CPU
		{8B0588E3-98EE-534D-9EA3-E9EF7CE4339A}.Debug|Any CPU.Build.0 = Debug|Any CPU
		{8B0588E3-98EE-534D-9EA3-E9EF7CE4339A}.Release|Any CPU.ActiveCfg = Release|Any CPU
		{8B0588E3-98EE-534D-9EA3-E9EF7CE4339A}.Release|Any CPU.Build.0 = Release|Any CPU
		{A6E553CC-EB66-4F8D-BF8E-8578E42582F4}.Debug|Any CPU.ActiveCfg = Debug|Any CPU
		{A6E553CC-EB66-4F8D-BF8E-8578E42582F4}.Debug|Any CPU.Build.0 = Debug|Any CPU
		{A6E553CC-EB66-4F8D-BF8E-8578E42582F4}.Release|Any CPU.ActiveCfg = Release|Any CPU
		{A6E553CC-EB66-4F8D-BF8E-8578E42582F4}.Release|Any CPU.Build.0 = Release|Any CPU
		{B65D362B-FB23-48D0-99E8-A347A930A0D2}.Debug|Any CPU.ActiveCfg = Debug|Any CPU
		{B65D362B-FB23-48D0-99E8-A347A930A0D2}.Debug|Any CPU.Build.0 = Debug|Any CPU
		{B65D362B-FB23-48D0-99E8-A347A930A0D2}.Release|Any CPU.ActiveCfg = Release|Any CPU
		{B65D362B-FB23-48D0-99E8-A347A930A0D2}.Release|Any CPU.Build.0 = Release|Any CPU
	EndGlobalSection
	GlobalSection(SolutionProperties) = preSolution
		HideSolutionNode = FALSE
	EndGlobalSection
	GlobalSection(NestedProjects) = preSolution
		{180FF6BC-D098-4665-8E1A-CA73C4CD2288} = {D01FA325-AF98-4CC9-A4AD-AD7C37507D2E}
		{CAB7E00D-B9C1-42CE-8ECD-BAA04B92D555} = {A59D85E0-BF37-4FF1-9670-29AF8675A46A}
		{2F9B2527-252E-47B4-B39A-DFC2E45E4BF4} = {5F5A2BC1-21A0-4C80-AE50-8D8D7927436A}
		{F57C5BA1-197E-4D18-85D5-3C51074E4FF5} = {D8273FEB-D3C2-4BF6-A145-B4FBBCB319AA}
		{ECE273DC-AF79-4D62-8E82-9AFCAA383871} = {BDD35EAA-4F4D-4F99-A3A8-B5F701D1059E}
		{86DF5018-6B5A-42A5-9729-1C143253F521} = {BDD35EAA-4F4D-4F99-A3A8-B5F701D1059E}
		{8B0588E3-98EE-534D-9EA3-E9EF7CE4339A} = {BDD35EAA-4F4D-4F99-A3A8-B5F701D1059E}
		{A6E553CC-EB66-4F8D-BF8E-8578E42582F4} = {83C2F2D8-2B7F-48F6-A244-BCD70B2EA5AB}
		{83C2F2D8-2B7F-48F6-A244-BCD70B2EA5AB} = {B6E7E5F9-FC79-4D30-99B1-3327DED5F8D7}
		{B65D362B-FB23-48D0-99E8-A347A930A0D2} = {83C2F2D8-2B7F-48F6-A244-BCD70B2EA5AB}
		{D8273FEB-D3C2-4BF6-A145-B4FBBCB319AA} = {8D2E727D-21C1-4880-B7BC-07263DD18FA0}
		{5F5A2BC1-21A0-4C80-AE50-8D8D7927436A} = {8D2E727D-21C1-4880-B7BC-07263DD18FA0}
		{BDD35EAA-4F4D-4F99-A3A8-B5F701D1059E} = {B6E7E5F9-FC79-4D30-99B1-3327DED5F8D7}
		{A59D85E0-BF37-4FF1-9670-29AF8675A46A} = {39540581-96F4-4D0C-8AF0-8A32D83AE6DE}
		{D01FA325-AF98-4CC9-A4AD-AD7C37507D2E} = {39540581-96F4-4D0C-8AF0-8A32D83AE6DE}
	EndGlobalSection
EndGlobal
